
Microsoft Visual Studio Solution File, Format Version 12.00
# Visual Studio Version 16
VisualStudioVersion = 16.0.29609.76
MinimumVisualStudioVersion = 10.0.40219.1
Project("{FAE04EC0-301F-11D3-BF4B-00C04F79EFBC}") = "HelloWord", "HelloWord\HelloWord.csproj", "{22C1564A-ED19-47AD-8A5C-AF488E48E90F}"
EndProject
Global
	GlobalSection(SolutionConfigurationPlatforms) = preSolution
		Debug|Any CPU = Debug|Any CPU
		Release|Any CPU = Release|Any CPU
	EndGlobalSection
	GlobalSection(ProjectConfigurationPlatforms) = postSolution
		{22C1564A-ED19-47AD-8A5C-AF488E48E90F}.Debug|Any CPU.ActiveCfg = Debug|Any CPU
		{22C1564A-ED19-47AD-8A5C-AF488E48E90F}.Debug|Any CPU.Build.0 = Debug|Any CPU
		{22C1564A-ED19-47AD-8A5C-AF488E48E90F}.Release|Any CPU.ActiveCfg = Release|Any CPU
		{22C1564A-ED19-47AD-8A5C-AF488E48E90F}.Release|Any CPU.Build.0 = Release|Any CPU
	EndGlobalSection
	GlobalSection(SolutionProperties) = preSolution
		HideSolutionNode = FALSE
	EndGlobalSection
	GlobalSection(ExtensibilityGlobals) = postSolution
		SolutionGuid = {4A490A8F-D831-43E1-8A19-3BE9F02C618C}
	EndGlobalSection
EndGlobal
