
Microsoft Visual Studio Solution File, Format Version 12.00
# Visual Studio Version 16
VisualStudioVersion = 16.0.29609.76
MinimumVisualStudioVersion = 10.0.40219.1
Project("{FAE04EC0-301F-11D3-BF4B-00C04F79EFBC}") = "switch", "switch\switch.csproj", "{439AAF3E-7D59-4DC6-8309-4219DDD00243}"
EndProject
Global
	GlobalSection(SolutionConfigurationPlatforms) = preSolution
		Debug|Any CPU = Debug|Any CPU
		Release|Any CPU = Release|Any CPU
	EndGlobalSection
	GlobalSection(ProjectConfigurationPlatforms) = postSolution
		{439AAF3E-7D59-4DC6-8309-4219DDD00243}.Debug|Any CPU.ActiveCfg = Debug|Any CPU
		{439AAF3E-7D59-4DC6-8309-4219DDD00243}.Debug|Any CPU.Build.0 = Debug|Any CPU
		{439AAF3E-7D59-4DC6-8309-4219DDD00243}.Release|Any CPU.ActiveCfg = Release|Any CPU
		{439AAF3E-7D59-4DC6-8309-4219DDD00243}.Release|Any CPU.Build.0 = Release|Any CPU
	EndGlobalSection
	GlobalSection(SolutionProperties) = preSolution
		HideSolutionNode = FALSE
	EndGlobalSection
	GlobalSection(ExtensibilityGlobals) = postSolution
		SolutionGuid = {699C7AC7-524C-4F1F-9C59-CCC048838542}
	EndGlobalSection
EndGlobal
