
Microsoft Visual Studio Solution File, Format Version 12.00
# Visual Studio Version 16
VisualStudioVersion = 16.0.29609.76
MinimumVisualStudioVersion = 10.0.40219.1
Project("{FAE04EC0-301F-11D3-BF4B-00C04F79EFBC}") = "degiskenler", "degiskenler\degiskenler.csproj", "{2F2ABA97-7A87-4E87-8240-8828AA6D14B0}"
EndProject
Global
	GlobalSection(SolutionConfigurationPlatforms) = preSolution
		Debug|Any CPU = Debug|Any CPU
		Release|Any CPU = Release|Any CPU
	EndGlobalSection
	GlobalSection(ProjectConfigurationPlatforms) = postSolution
		{2F2ABA97-7A87-4E87-8240-8828AA6D14B0}.Debug|Any CPU.ActiveCfg = Debug|Any CPU
		{2F2ABA97-7A87-4E87-8240-8828AA6D14B0}.Debug|Any CPU.Build.0 = Debug|Any CPU
		{2F2ABA97-7A87-4E87-8240-8828AA6D14B0}.Release|Any CPU.ActiveCfg = Release|Any CPU
		{2F2ABA97-7A87-4E87-8240-8828AA6D14B0}.Release|Any CPU.Build.0 = Release|Any CPU
	EndGlobalSection
	GlobalSection(SolutionProperties) = preSolution
		HideSolutionNode = FALSE
	EndGlobalSection
	GlobalSection(ExtensibilityGlobals) = postSolution
		SolutionGuid = {027E0A41-A1BF-45DA-AC4B-BED0A5FE6DB6}
	EndGlobalSection
EndGlobal
