
Microsoft Visual Studio Solution File, Format Version 12.00
# Visual Studio Version 16
VisualStudioVersion = 16.0.29609.76
MinimumVisualStudioVersion = 10.0.40219.1
Project("{FAE04EC0-301F-11D3-BF4B-00C04F79EFBC}") = "stringHesapMakinesi", "stringHesapMakinesi\stringHesapMakinesi.csproj", "{A208A3B3-74D8-41EE-9753-398D1FA7D184}"
EndProject
Global
	GlobalSection(SolutionConfigurationPlatforms) = preSolution
		Debug|Any CPU = Debug|Any CPU
		Release|Any CPU = Release|Any CPU
	EndGlobalSection
	GlobalSection(ProjectConfigurationPlatforms) = postSolution
		{A208A3B3-74D8-41EE-9753-398D1FA7D184}.Debug|Any CPU.ActiveCfg = Debug|Any CPU
		{A208A3B3-74D8-41EE-9753-398D1FA7D184}.Debug|Any CPU.Build.0 = Debug|Any CPU
		{A208A3B3-74D8-41EE-9753-398D1FA7D184}.Release|Any CPU.ActiveCfg = Release|Any CPU
		{A208A3B3-74D8-41EE-9753-398D1FA7D184}.Release|Any CPU.Build.0 = Release|Any CPU
	EndGlobalSection
	GlobalSection(SolutionProperties) = preSolution
		HideSolutionNode = FALSE
	EndGlobalSection
	GlobalSection(ExtensibilityGlobals) = postSolution
		SolutionGuid = {0473F97B-379F-43E5-88A2-35819D60F833}
	EndGlobalSection
EndGlobal
